
Microsoft Visual Studio Solution File, Format Version 12.00
# Visual Studio Version 16
VisualStudioVersion = 16.0.29911.84
MinimumVisualStudioVersion = 10.0.40219.1
Project("{FAE04EC0-301F-11D3-BF4B-00C04F79EFBC}") = "ComIn", "ComIn1\ComIn.csproj", "{F2CFAF6A-2924-4F2A-A6B2-0171D5ACA414}"
EndProject
Global
	GlobalSection(SolutionConfigurationPlatforms) = preSolution
		Debug|Any CPU = Debug|Any CPU
		Release|Any CPU = Release|Any CPU
	EndGlobalSection
	GlobalSection(ProjectConfigurationPlatforms) = postSolution
		{F2CFAF6A-2924-4F2A-A6B2-0171D5ACA414}.Debug|Any CPU.ActiveCfg = Debug|Any CPU
		{F2CFAF6A-2924-4F2A-A6B2-0171D5ACA414}.Debug|Any CPU.Build.0 = Debug|Any CPU
		{F2CFAF6A-2924-4F2A-A6B2-0171D5ACA414}.Release|Any CPU.ActiveCfg = Debug|Any CPU
		{F2CFAF6A-2924-4F2A-A6B2-0171D5ACA414}.Release|Any CPU.Build.0 = Debug|Any CPU
	EndGlobalSection
	GlobalSection(SolutionProperties) = preSolution
		HideSolutionNode = FALSE
	EndGlobalSection
	GlobalSection(ExtensibilityGlobals) = postSolution
		SolutionGuid = {D4BC353F-7562-4829-B9CE-036C624CF22B}
	EndGlobalSection
EndGlobal
